
Microsoft Visual Studio Solution File, Format Version 12.00
# Visual Studio 15
VisualStudioVersion = 15.0.27130.2036
MinimumVisualStudioVersion = 10.0.40219.1
Project("{9A19103F-16F7-4668-BE54-9A1E7A4F7556}") = "InterfaceProject.Web", "InterfaceProject.Web\InterfaceProject.Web.csproj", "{A023F290-15A3-4797-B796-53E9601E314A}"
EndProject
Project("{2150E333-8FDC-42A3-9474-1A3956D46DE8}") = "Client", "Client", "{E4A6CD96-E091-4725-9A1E-2FD8BCE7E2FF}"
EndProject
Project("{2150E333-8FDC-42A3-9474-1A3956D46DE8}") = "Service", "Service", "{4FFE691C-A0DC-4EDD-B6B1-915F213ED82E}"
EndProject
Project("{2150E333-8FDC-42A3-9474-1A3956D46DE8}") = "Manage", "Manage", "{37841B0E-4FA3-4F31-86C7-4F3E93E47EEC}"
EndProject
Project("{2150E333-8FDC-42A3-9474-1A3956D46DE8}") = "Common", "Common", "{87C3638D-F556-4109-BC83-F935B596C12D}"
EndProject
Project("{2150E333-8FDC-42A3-9474-1A3956D46DE8}") = "Database", "Database", "{2180C024-78F1-4AD6-A960-6AF2474461C5}"
EndProject
Project("{9A19103F-16F7-4668-BE54-9A1E7A4F7556}") = "InterfaceProject.Tool", "InterfaceProject.Tool\InterfaceProject.Tool.csproj", "{78B86CE1-44C4-49F6-A72B-FEEC11718F2D}"
EndProject
Project("{9A19103F-16F7-4668-BE54-9A1E7A4F7556}") = "InterfaceProject.DTO", "InterfaceProject.DTO\InterfaceProject.DTO.csproj", "{FEBAAB58-EED6-4C85-A065-0320A5926A26}"
EndProject
Project("{00D1A9C2-B5F0-4AF3-8072-F6C62B433612}") = "InterfaceProject.CoreDB", "InterfaceProject.CoreDB\InterfaceProject.CoreDB.sqlproj", "{8F14FC95-060B-4ABE-9C74-AA500E51796C}"
EndProject
Project("{00D1A9C2-B5F0-4AF3-8072-F6C62B433612}") = "InterfaceProject.MonitorDB", "InterfaceProject.MonitorDB\InterfaceProject.MonitorDB.sqlproj", "{6BF84999-515F-476E-97E6-50B20E61051A}"
EndProject
Project("{9A19103F-16F7-4668-BE54-9A1E7A4F7556}") = "InterfaceProject.Admin", "InterfaceProject.Admin\InterfaceProject.Admin.csproj", "{0B814BB0-AE1C-401F-8A2F-8C92D2C09D15}"
EndProject
Project("{9A19103F-16F7-4668-BE54-9A1E7A4F7556}") = "InterfaceProject.Api", "InterfaceProject.Api\InterfaceProject.Api.csproj", "{CF83D3AD-FE49-4BAD-9DED-5A21C2192ACE}"
EndProject
Project("{9A19103F-16F7-4668-BE54-9A1E7A4F7556}") = "InterfaceProject.WxSDK", "InterfaceProject.WxSDK\InterfaceProject.WxSDK.csproj", "{A6834F7F-AF25-41B7-AD89-360F9D82C2BB}"
EndProject
Project("{9A19103F-16F7-4668-BE54-9A1E7A4F7556}") = "InterfaceProject.Model", "InterfaceProject.Model\InterfaceProject.Model.csproj", "{ED2249F4-730B-4619-87D5-2C5664E964D8}"
EndProject
Project("{FAE04EC0-301F-11D3-BF4B-00C04F79EFBC}") = "InterfaceProject.WinForm", "InterfaceProject.WinForm\InterfaceProject.WinForm.csproj", "{3D4C92E9-8146-4616-9298-1A87137FC9DD}"
EndProject
Project("{2150E333-8FDC-42A3-9474-1A3956D46DE8}") = "NetCommon", "NetCommon", "{8635B5EE-08BD-4355-A3BF-590C0EA1C596}"
EndProject
Project("{FAE04EC0-301F-11D3-BF4B-00C04F79EFBC}") = "InterfaceProject.NetTool", "InterfaceProject.NetTool\InterfaceProject.NetTool.csproj", "{F1820B36-E91C-42A2-8107-F4EFB3471B7F}"
EndProject
Project("{FAE04EC0-301F-11D3-BF4B-00C04F79EFBC}") = "InterfaceProject.NetModel", "InterfaceProject.NetModel\InterfaceProject.NetModel.csproj", "{76F4BE37-8DE7-40DF-B43B-42758090D24C}"
EndProject
Project("{FAE04EC0-301F-11D3-BF4B-00C04F79EFBC}") = "InterfaceProject.NetDTO", "InterfaceProject.NetDTO\InterfaceProject.NetDTO.csproj", "{7E7EDD93-CC0B-45F5-A683-A5EAAC8247A4}"
EndProject
Project("{FAE04EC0-301F-11D3-BF4B-00C04F79EFBC}") = "InterfaceProject.NetBLL", "InterfaceProject.NetBLL\InterfaceProject.NetBLL.csproj", "{D41D08AD-20EE-464B-9842-BF6000564280}"
EndProject
Project("{FAE04EC0-301F-11D3-BF4B-00C04F79EFBC}") = "InterfaceProject.NetDAL", "InterfaceProject.NetDAL\InterfaceProject.NetDAL.csproj", "{19DFE0B3-5E15-4DAF-9D68-3C1AFA5797E3}"
EndProject
Project("{2150E333-8FDC-42A3-9474-1A3956D46DE8}") = "Test", "Test", "{F9C8DD68-5462-4825-B13A-9686AFD8498F}"
EndProject
Project("{9A19103F-16F7-4668-BE54-9A1E7A4F7556}") = "InterfaceProject.WxSDKTest", "InterfaceProject.WxSDKTest\InterfaceProject.WxSDKTest.csproj", "{CCBB3E55-3EE2-42D5-B6C6-5B432F87BE80}"
EndProject
Project("{9A19103F-16F7-4668-BE54-9A1E7A4F7556}") = "InterfaceProject.ToolTest", "InterfaceProject.ToolTest\InterfaceProject.ToolTest.csproj", "{93328609-CADA-4E48-B051-099407328059}"
EndProject
Project("{FAE04EC0-301F-11D3-BF4B-00C04F79EFBC}") = "InterfaceProject.NetOtherSDK", "InterfaceProject.NetOtherSDK\InterfaceProject.NetOtherSDK.csproj", "{87552E07-B6A0-4114-9F18-777119ECFFBD}"
EndProject
Project("{9A19103F-16F7-4668-BE54-9A1E7A4F7556}") = "InterfaceProject.BLL", "InterfaceProject.BLL\InterfaceProject.BLL.csproj", "{0FEEE82C-5277-453D-B6C4-C048D1908CBC}"
EndProject
Project("{9A19103F-16F7-4668-BE54-9A1E7A4F7556}") = "InterfaceProject.DAL", "InterfaceProject.DAL\InterfaceProject.DAL.csproj", "{50F65A54-C83C-41C1-B6AC-1F82A80727B4}"
EndProject
Project("{FAE04EC0-301F-11D3-BF4B-00C04F79EFBC}") = "InterfaceProject.NetWxSDK", "InterfaceProject.NetWxSDK\InterfaceProject.NetWxSDK.csproj", "{54C3034A-BD15-4478-9A13-2CD87245AD02}"
EndProject
Project("{9A19103F-16F7-4668-BE54-9A1E7A4F7556}") = "InterfaceProject.GaoDeMapSDK", "InterfaceProject.GaoDeMapSDK\InterfaceProject.GaoDeMapSDK.csproj", "{9640C21B-6254-47FA-BCE1-30ABE539A9A8}"
EndProject
Project("{FAE04EC0-301F-11D3-BF4B-00C04F79EFBC}") = "InterfaceProject.OtherSDK", "InterfaceProject.OtherSDK\InterfaceProject.OtherSDK.csproj", "{7BBED22B-6D5F-426E-84F8-6206DE13D3E0}"
EndProject
Global
	GlobalSection(SolutionConfigurationPlatforms) = preSolution
		Debug|Any CPU = Debug|Any CPU
		Release|Any CPU = Release|Any CPU
	EndGlobalSection
	GlobalSection(ProjectConfigurationPlatforms) = postSolution
		{A023F290-15A3-4797-B796-53E9601E314A}.Debug|Any CPU.ActiveCfg = Debug|Any CPU
		{A023F290-15A3-4797-B796-53E9601E314A}.Debug|Any CPU.Build.0 = Debug|Any CPU
		{A023F290-15A3-4797-B796-53E9601E314A}.Release|Any CPU.ActiveCfg = Release|Any CPU
		{A023F290-15A3-4797-B796-53E9601E314A}.Release|Any CPU.Build.0 = Release|Any CPU
		{78B86CE1-44C4-49F6-A72B-FEEC11718F2D}.Debug|Any CPU.ActiveCfg = Debug|Any CPU
		{78B86CE1-44C4-49F6-A72B-FEEC11718F2D}.Debug|Any CPU.Build.0 = Debug|Any CPU
		{78B86CE1-44C4-49F6-A72B-FEEC11718F2D}.Release|Any CPU.ActiveCfg = Release|Any CPU
		{78B86CE1-44C4-49F6-A72B-FEEC11718F2D}.Release|Any CPU.Build.0 = Release|Any CPU
		{FEBAAB58-EED6-4C85-A065-0320A5926A26}.Debug|Any CPU.ActiveCfg = Debug|Any CPU
		{FEBAAB58-EED6-4C85-A065-0320A5926A26}.Debug|Any CPU.Build.0 = Debug|Any CPU
		{FEBAAB58-EED6-4C85-A065-0320A5926A26}.Release|Any CPU.ActiveCfg = Release|Any CPU
		{FEBAAB58-EED6-4C85-A065-0320A5926A26}.Release|Any CPU.Build.0 = Release|Any CPU
		{8F14FC95-060B-4ABE-9C74-AA500E51796C}.Debug|Any CPU.ActiveCfg = Debug|Any CPU
		{8F14FC95-060B-4ABE-9C74-AA500E51796C}.Debug|Any CPU.Build.0 = Debug|Any CPU
		{8F14FC95-060B-4ABE-9C74-AA500E51796C}.Debug|Any CPU.Deploy.0 = Debug|Any CPU
		{8F14FC95-060B-4ABE-9C74-AA500E51796C}.Release|Any CPU.ActiveCfg = Release|Any CPU
		{8F14FC95-060B-4ABE-9C74-AA500E51796C}.Release|Any CPU.Build.0 = Release|Any CPU
		{8F14FC95-060B-4ABE-9C74-AA500E51796C}.Release|Any CPU.Deploy.0 = Release|Any CPU
		{6BF84999-515F-476E-97E6-50B20E61051A}.Debug|Any CPU.ActiveCfg = Debug|Any CPU
		{6BF84999-515F-476E-97E6-50B20E61051A}.Debug|Any CPU.Build.0 = Debug|Any CPU
		{6BF84999-515F-476E-97E6-50B20E61051A}.Debug|Any CPU.Deploy.0 = Debug|Any CPU
		{6BF84999-515F-476E-97E6-50B20E61051A}.Release|Any CPU.ActiveCfg = Release|Any CPU
		{6BF84999-515F-476E-97E6-50B20E61051A}.Release|Any CPU.Build.0 = Release|Any CPU
		{6BF84999-515F-476E-97E6-50B20E61051A}.Release|Any CPU.Deploy.0 = Release|Any CPU
		{0B814BB0-AE1C-401F-8A2F-8C92D2C09D15}.Debug|Any CPU.ActiveCfg = Debug|Any CPU
		{0B814BB0-AE1C-401F-8A2F-8C92D2C09D15}.Debug|Any CPU.Build.0 = Debug|Any CPU
		{0B814BB0-AE1C-401F-8A2F-8C92D2C09D15}.Release|Any CPU.ActiveCfg = Release|Any CPU
		{0B814BB0-AE1C-401F-8A2F-8C92D2C09D15}.Release|Any CPU.Build.0 = Release|Any CPU
		{CF83D3AD-FE49-4BAD-9DED-5A21C2192ACE}.Debug|Any CPU.ActiveCfg = Debug|Any CPU
		{CF83D3AD-FE49-4BAD-9DED-5A21C2192ACE}.Debug|Any CPU.Build.0 = Debug|Any CPU
		{CF83D3AD-FE49-4BAD-9DED-5A21C2192ACE}.Release|Any CPU.ActiveCfg = Release|Any CPU
		{CF83D3AD-FE49-4BAD-9DED-5A21C2192ACE}.Release|Any CPU.Build.0 = Release|Any CPU
		{A6834F7F-AF25-41B7-AD89-360F9D82C2BB}.Debug|Any CPU.ActiveCfg = Debug|Any CPU
		{A6834F7F-AF25-41B7-AD89-360F9D82C2BB}.Debug|Any CPU.Build.0 = Debug|Any CPU
		{A6834F7F-AF25-41B7-AD89-360F9D82C2BB}.Release|Any CPU.ActiveCfg = Release|Any CPU
		{A6834F7F-AF25-41B7-AD89-360F9D82C2BB}.Release|Any CPU.Build.0 = Release|Any CPU
		{ED2249F4-730B-4619-87D5-2C5664E964D8}.Debug|Any CPU.ActiveCfg = Debug|Any CPU
		{ED2249F4-730B-4619-87D5-2C5664E964D8}.Debug|Any CPU.Build.0 = Debug|Any CPU
		{ED2249F4-730B-4619-87D5-2C5664E964D8}.Release|Any CPU.ActiveCfg = Release|Any CPU
		{ED2249F4-730B-4619-87D5-2C5664E964D8}.Release|Any CPU.Build.0 = Release|Any CPU
		{3D4C92E9-8146-4616-9298-1A87137FC9DD}.Debug|Any CPU.ActiveCfg = Debug|Any CPU
		{3D4C92E9-8146-4616-9298-1A87137FC9DD}.Debug|Any CPU.Build.0 = Debug|Any CPU
		{3D4C92E9-8146-4616-9298-1A87137FC9DD}.Release|Any CPU.ActiveCfg = Release|Any CPU
		{3D4C92E9-8146-4616-9298-1A87137FC9DD}.Release|Any CPU.Build.0 = Release|Any CPU
		{F1820B36-E91C-42A2-8107-F4EFB3471B7F}.Debug|Any CPU.ActiveCfg = Debug|Any CPU
		{F1820B36-E91C-42A2-8107-F4EFB3471B7F}.Debug|Any CPU.Build.0 = Debug|Any CPU
		{F1820B36-E91C-42A2-8107-F4EFB3471B7F}.Release|Any CPU.ActiveCfg = Release|Any CPU
		{F1820B36-E91C-42A2-8107-F4EFB3471B7F}.Release|Any CPU.Build.0 = Release|Any CPU
		{76F4BE37-8DE7-40DF-B43B-42758090D24C}.Debug|Any CPU.ActiveCfg = Debug|Any CPU
		{76F4BE37-8DE7-40DF-B43B-42758090D24C}.Debug|Any CPU.Build.0 = Debug|Any CPU
		{76F4BE37-8DE7-40DF-B43B-42758090D24C}.Release|Any CPU.ActiveCfg = Release|Any CPU
		{76F4BE37-8DE7-40DF-B43B-42758090D24C}.Release|Any CPU.Build.0 = Release|Any CPU
		{7E7EDD93-CC0B-45F5-A683-A5EAAC8247A4}.Debug|Any CPU.ActiveCfg = Debug|Any CPU
		{7E7EDD93-CC0B-45F5-A683-A5EAAC8247A4}.Debug|Any CPU.Build.0 = Debug|Any CPU
		{7E7EDD93-CC0B-45F5-A683-A5EAAC8247A4}.Release|Any CPU.ActiveCfg = Release|Any CPU
		{7E7EDD93-CC0B-45F5-A683-A5EAAC8247A4}.Release|Any CPU.Build.0 = Release|Any CPU
		{D41D08AD-20EE-464B-9842-BF6000564280}.Debug|Any CPU.ActiveCfg = Debug|Any CPU
		{D41D08AD-20EE-464B-9842-BF6000564280}.Debug|Any CPU.Build.0 = Debug|Any CPU
		{D41D08AD-20EE-464B-9842-BF6000564280}.Release|Any CPU.ActiveCfg = Release|Any CPU
		{D41D08AD-20EE-464B-9842-BF6000564280}.Release|Any CPU.Build.0 = Release|Any CPU
		{19DFE0B3-5E15-4DAF-9D68-3C1AFA5797E3}.Debug|Any CPU.ActiveCfg = Debug|Any CPU
		{19DFE0B3-5E15-4DAF-9D68-3C1AFA5797E3}.Debug|Any CPU.Build.0 = Debug|Any CPU
		{19DFE0B3-5E15-4DAF-9D68-3C1AFA5797E3}.Release|Any CPU.ActiveCfg = Release|Any CPU
		{19DFE0B3-5E15-4DAF-9D68-3C1AFA5797E3}.Release|Any CPU.Build.0 = Release|Any CPU
		{CCBB3E55-3EE2-42D5-B6C6-5B432F87BE80}.Debug|Any CPU.ActiveCfg = Debug|Any CPU
		{CCBB3E55-3EE2-42D5-B6C6-5B432F87BE80}.Debug|Any CPU.Build.0 = Debug|Any CPU
		{CCBB3E55-3EE2-42D5-B6C6-5B432F87BE80}.Release|Any CPU.ActiveCfg = Release|Any CPU
		{CCBB3E55-3EE2-42D5-B6C6-5B432F87BE80}.Release|Any CPU.Build.0 = Release|Any CPU
		{93328609-CADA-4E48-B051-099407328059}.Debug|Any CPU.ActiveCfg = Debug|Any CPU
		{93328609-CADA-4E48-B051-099407328059}.Debug|Any CPU.Build.0 = Debug|Any CPU
		{93328609-CADA-4E48-B051-099407328059}.Release|Any CPU.ActiveCfg = Release|Any CPU
		{93328609-CADA-4E48-B051-099407328059}.Release|Any CPU.Build.0 = Release|Any CPU
		{87552E07-B6A0-4114-9F18-777119ECFFBD}.Debug|Any CPU.ActiveCfg = Debug|Any CPU
		{87552E07-B6A0-4114-9F18-777119ECFFBD}.Debug|Any CPU.Build.0 = Debug|Any CPU
		{87552E07-B6A0-4114-9F18-777119ECFFBD}.Release|Any CPU.ActiveCfg = Release|Any CPU
		{87552E07-B6A0-4114-9F18-777119ECFFBD}.Release|Any CPU.Build.0 = Release|Any CPU
		{0FEEE82C-5277-453D-B6C4-C048D1908CBC}.Debug|Any CPU.ActiveCfg = Debug|Any CPU
		{0FEEE82C-5277-453D-B6C4-C048D1908CBC}.Debug|Any CPU.Build.0 = Debug|Any CPU
		{0FEEE82C-5277-453D-B6C4-C048D1908CBC}.Release|Any CPU.ActiveCfg = Release|Any CPU
		{0FEEE82C-5277-453D-B6C4-C048D1908CBC}.Release|Any CPU.Build.0 = Release|Any CPU
		{50F65A54-C83C-41C1-B6AC-1F82A80727B4}.Debug|Any CPU.ActiveCfg = Debug|Any CPU
		{50F65A54-C83C-41C1-B6AC-1F82A80727B4}.Debug|Any CPU.Build.0 = Debug|Any CPU
		{50F65A54-C83C-41C1-B6AC-1F82A80727B4}.Release|Any CPU.ActiveCfg = Release|Any CPU
		{50F65A54-C83C-41C1-B6AC-1F82A80727B4}.Release|Any CPU.Build.0 = Release|Any CPU
		{54C3034A-BD15-4478-9A13-2CD87245AD02}.Debug|Any CPU.ActiveCfg = Debug|Any CPU
		{54C3034A-BD15-4478-9A13-2CD87245AD02}.Debug|Any CPU.Build.0 = Debug|Any CPU
		{54C3034A-BD15-4478-9A13-2CD87245AD02}.Release|Any CPU.ActiveCfg = Release|Any CPU
		{54C3034A-BD15-4478-9A13-2CD87245AD02}.Release|Any CPU.Build.0 = Release|Any CPU
		{9640C21B-6254-47FA-BCE1-30ABE539A9A8}.Debug|Any CPU.ActiveCfg = Debug|Any CPU
		{9640C21B-6254-47FA-BCE1-30ABE539A9A8}.Debug|Any CPU.Build.0 = Debug|Any CPU
		{9640C21B-6254-47FA-BCE1-30ABE539A9A8}.Release|Any CPU.ActiveCfg = Release|Any CPU
		{9640C21B-6254-47FA-BCE1-30ABE539A9A8}.Release|Any CPU.Build.0 = Release|Any CPU
		{7BBED22B-6D5F-426E-84F8-6206DE13D3E0}.Debug|Any CPU.ActiveCfg = Debug|Any CPU
		{7BBED22B-6D5F-426E-84F8-6206DE13D3E0}.Debug|Any CPU.Build.0 = Debug|Any CPU
		{7BBED22B-6D5F-426E-84F8-6206DE13D3E0}.Release|Any CPU.ActiveCfg = Release|Any CPU
		{7BBED22B-6D5F-426E-84F8-6206DE13D3E0}.Release|Any CPU.Build.0 = Release|Any CPU
	EndGlobalSection
	GlobalSection(SolutionProperties) = preSolution
		HideSolutionNode = FALSE
	EndGlobalSection
	GlobalSection(NestedProjects) = preSolution
		{A023F290-15A3-4797-B796-53E9601E314A} = {E4A6CD96-E091-4725-9A1E-2FD8BCE7E2FF}
		{78B86CE1-44C4-49F6-A72B-FEEC11718F2D} = {87C3638D-F556-4109-BC83-F935B596C12D}
		{FEBAAB58-EED6-4C85-A065-0320A5926A26} = {87C3638D-F556-4109-BC83-F935B596C12D}
		{8F14FC95-060B-4ABE-9C74-AA500E51796C} = {2180C024-78F1-4AD6-A960-6AF2474461C5}
		{6BF84999-515F-476E-97E6-50B20E61051A} = {2180C024-78F1-4AD6-A960-6AF2474461C5}
		{0B814BB0-AE1C-401F-8A2F-8C92D2C09D15} = {37841B0E-4FA3-4F31-86C7-4F3E93E47EEC}
		{CF83D3AD-FE49-4BAD-9DED-5A21C2192ACE} = {4FFE691C-A0DC-4EDD-B6B1-915F213ED82E}
		{A6834F7F-AF25-41B7-AD89-360F9D82C2BB} = {87C3638D-F556-4109-BC83-F935B596C12D}
		{ED2249F4-730B-4619-87D5-2C5664E964D8} = {87C3638D-F556-4109-BC83-F935B596C12D}
		{3D4C92E9-8146-4616-9298-1A87137FC9DD} = {4FFE691C-A0DC-4EDD-B6B1-915F213ED82E}
		{F1820B36-E91C-42A2-8107-F4EFB3471B7F} = {8635B5EE-08BD-4355-A3BF-590C0EA1C596}
		{76F4BE37-8DE7-40DF-B43B-42758090D24C} = {8635B5EE-08BD-4355-A3BF-590C0EA1C596}
		{7E7EDD93-CC0B-45F5-A683-A5EAAC8247A4} = {8635B5EE-08BD-4355-A3BF-590C0EA1C596}
		{D41D08AD-20EE-464B-9842-BF6000564280} = {8635B5EE-08BD-4355-A3BF-590C0EA1C596}
		{19DFE0B3-5E15-4DAF-9D68-3C1AFA5797E3} = {8635B5EE-08BD-4355-A3BF-590C0EA1C596}
		{CCBB3E55-3EE2-42D5-B6C6-5B432F87BE80} = {F9C8DD68-5462-4825-B13A-9686AFD8498F}
		{93328609-CADA-4E48-B051-099407328059} = {F9C8DD68-5462-4825-B13A-9686AFD8498F}
		{87552E07-B6A0-4114-9F18-777119ECFFBD} = {8635B5EE-08BD-4355-A3BF-590C0EA1C596}
		{0FEEE82C-5277-453D-B6C4-C048D1908CBC} = {87C3638D-F556-4109-BC83-F935B596C12D}
		{50F65A54-C83C-41C1-B6AC-1F82A80727B4} = {87C3638D-F556-4109-BC83-F935B596C12D}
		{54C3034A-BD15-4478-9A13-2CD87245AD02} = {8635B5EE-08BD-4355-A3BF-590C0EA1C596}
		{9640C21B-6254-47FA-BCE1-30ABE539A9A8} = {87C3638D-F556-4109-BC83-F935B596C12D}
		{7BBED22B-6D5F-426E-84F8-6206DE13D3E0} = {87C3638D-F556-4109-BC83-F935B596C12D}
	EndGlobalSection
	GlobalSection(ExtensibilityGlobals) = postSolution
		SolutionGuid = {050D4FD6-7652-4BE5-9184-631B7B55AF86}
	EndGlobalSection
EndGlobal
